// !$*UTF8*$!
{
	archiveVersion = 1;
	classes = {
	};
	objectVersion = 56;
	objects = {

/* Begin PBXBuildFile section */
		944A88EC2A41D75600185E53 /* SwiftUI004App.swift in Sources */ = {isa = PBXBuildFile; fileRef = 944A88EB2A41D75600185E53 /* SwiftUI004App.swift */; };
		944A88EE2A41D75600185E53 /* ContentView.swift in Sources */ = {isa = PBXBuildFile; fileRef = 944A88ED2A41D75600185E53 /* ContentView.swift */; };
		944A88F02A41D75800185E53 /* Assets.xcassets in Resources */ = {isa = PBXBuildFile; fileRef = 944A88EF2A41D75800185E53 /* Assets.xcassets */; };
		944A88F32A41D75800185E53 /* Preview Assets.xcassets in Resources */ = {isa = PBXBuildFile; fileRef = 944A88F22A41D75800185E53 /* Preview Assets.xcassets */; };
		944A88FD2A41D75800185E53 /* SwiftUI004Tests.swift in Sources */ = {isa = PBXBuildFile; fileRef = 944A88FC2A41D75800185E53 /* SwiftUI004Tests.swift */; };
		944A89072A41D75800185E53 /* SwiftUI004UITests.swift in Sources */ = {isa = PBXBuildFile; fileRef = 944A89062A41D75800185E53 /* SwiftUI004UITests.swift */; };
		944A89092A41D75800185E53 /* SwiftUI004UITestsLaunchTests.swift in Sources */ = {isa = PBXBuildFile; fileRef = 944A89082A41D75800185E53 /* SwiftUI004UITestsLaunchTests.swift */; };
/* End PBXBuildFile section */

/* Begin PBXContainerItemProxy section */
		944A88F92A41D75800185E53 /* PBXContainerItemProxy */ = {
			isa = PBXContainerItemProxy;
			containerPortal = 944A88E02A41D75600185E53 /* Project object */;
			proxyType = 1;
			remoteGlobalIDString = 944A88E72A41D75600185E53;
			remoteInfo = SwiftUI004;
		};
		944A89032A41D75800185E53 /* PBXContainerItemProxy */ = {
			isa = PBXContainerItemProxy;
			containerPortal = 944A88E02A41D75600185E53 /* Project object */;
			proxyType = 1;
			remoteGlobalIDString = 944A88E72A41D75600185E53;
			remoteInfo = SwiftUI004;
		};
/* End PBXContainerItemProxy section */

/* Begin PBXFileReference section */
		944A88E82A41D75600185E53 /* SwiftUI004.app */ = {isa = PBXFileReference; explicitFileType = wrapper.application; includeInIndex = 0; path = SwiftUI004.app; sourceTree = BUILT_PRODUCTS_DIR; };
		944A88EB2A41D75600185E53 /* SwiftUI004App.swift */ = {isa = PBXFileReference; lastKnownFileType = sourcecode.swift; path = SwiftUI004App.swift; sourceTree = "<group>"; };
		944A88ED2A41D75600185E53 /* ContentView.swift */ = {isa = PBXFileReference; lastKnownFileType = sourcecode.swift; path = ContentView.swift; sourceTree = "<group>"; };
		944A88EF2A41D75800185E53 /* Assets.xcassets */ = {isa = PBXFileReference; lastKnownFileType = folder.assetcatalog; path = Assets.xcassets; sourceTree = "<group>"; };
		944A88F22A41D75800185E53 /* Preview Assets.xcassets */ = {isa = PBXFileReference; lastKnownFileType = folder.assetcatalog; path = "Preview Assets.xcassets"; sourceTree = "<group>"; };
		944A88F82A41D75800185E53 /* SwiftUI004Tests.xctest */ = {isa = PBXFileReference; explicitFileType = wrapper.cfbundle; includeInIndex = 0; path = SwiftUI004Tests.xctest; sourceTree = BUILT_PRODUCTS_DIR; };
		944A88FC2A41D75800185E53 /* SwiftUI004Tests.swift */ = {isa = PBXFileReference; lastKnownFileType = sourcecode.swift; path = SwiftUI004Tests.swift; sourceTree = "<group>"; };
		944A89022A41D75800185E53 /* SwiftUI004UITests.xctest */ = {isa = PBXFileReference; explicitFileType = wrapper.cfbundle; includeInIndex = 0; path = SwiftUI004UITests.xctest; sourceTree = BUILT_PRODUCTS_DIR; };
		944A89062A41D75800185E53 /* SwiftUI004UITests.swift */ = {isa = PBXFileReference; lastKnownFileType = sourcecode.swift; path = SwiftUI004UITests.swift; sourceTree = "<group>"; };
		944A89082A41D75800185E53 /* SwiftUI004UITestsLaunchTests.swift */ = {isa = PBXFileReference; lastKnownFileType = sourcecode.swift; path = SwiftUI004UITestsLaunchTests.swift; sourceTree = "<group>"; };
/* End PBXFileReference section */

/* Begin PBXFrameworksBuildPhase section */
		944A88E52A41D75600185E53 /* Frameworks */ = {
			isa = PBXFrameworksBuildPhase;
			buildActionMask = 2147483647;
			files = (
			);
			runOnlyForDeploymentPostprocessing = 0;
		};
		944A88F52A41D75800185E53 /* Frameworks */ = {
			isa = PBXFrameworksBuildPhase;
			buildActionMask = 2147483647;
			files = (
			);
			runOnlyForDeploymentPostprocessing = 0;
		};
		944A88FF2A41D75800185E53 /* Frameworks */ = {
			isa = PBXFrameworksBuildPhase;
			buildActionMask = 2147483647;
			files = (
			);
			runOnlyForDeploymentPostprocessing = 0;
		};
/* End PBXFrameworksBuildPhase section */

/* Begin PBXGroup section */
		944A88DF2A41D75600185E53 = {
			isa = PBXGroup;
			children = (
				944A88EA2A41D75600185E53 /* SwiftUI004 */,
				944A88FB2A41D75800185E53 /* SwiftUI004Tests */,
				944A89052A41D75800185E53 /* SwiftUI004UITests */,
				944A88E92A41D75600185E53 /* Products */,
			);
			sourceTree = "<group>";
		};
		944A88E92A41D75600185E53 /* Products */ = {
			isa = PBXGroup;
			children = (
				944A88E82A41D75600185E53 /* SwiftUI004.app */,
				944A88F82A41D75800185E53 /* SwiftUI004Tests.xctest */,
				944A89022A41D75800185E53 /* SwiftUI004UITests.xctest */,
			);
			name = Products;
			sourceTree = "<group>";
		};
		944A88EA2A41D75600185E53 /* SwiftUI004 */ = {
			isa = PBXGroup;
			children = (
				944A88EB2A41D75600185E53 /* SwiftUI004App.swift */,
				944A88ED2A41D75600185E53 /* ContentView.swift */,
				944A88EF2A41D75800185E53 /* Assets.xcassets */,
				944A88F12A41D75800185E53 /* Preview Content */,
			);
			path = SwiftUI004;
			sourceTree = "<group>";
		};
		944A88F12A41D75800185E53 /* Preview Content */ = {
			isa = PBXGroup;
			children = (
				944A88F22A41D75800185E53 /* Preview Assets.xcassets */,
			);
			path = "Preview Content";
			sourceTree = "<group>";
		};
		944A88FB2A41D75800185E53 /* SwiftUI004Tests */ = {
			isa = PBXGroup;
			children = (
				944A88FC2A41D75800185E53 /* SwiftUI004Tests.swift */,
			);
			path = SwiftUI004Tests;
			sourceTree = "<group>";
		};
		944A89052A41D75800185E53 /* SwiftUI004UITests */ = {
			isa = PBXGroup;
			children = (
				944A89062A41D75800185E53 /* SwiftUI004UITests.swift */,
				944A89082A41D75800185E53 /* SwiftUI004UITestsLaunchTests.swift */,
			);
			path = SwiftUI004UITests;
			sourceTree = "<group>";
		};
/* End PBXGroup section */

/* Begin PBXNativeTarget section */
		944A88E72A41D75600185E53 /* SwiftUI004 */ = {
			isa = PBXNativeTarget;
			buildConfigurationList = 944A890C2A41D75800185E53 /* Build configuration list for PBXNativeTarget "SwiftUI004" */;
			buildPhases = (
				944A88E42A41D75600185E53 /* Sources */,
				944A88E52A41D75600185E53 /* Frameworks */,
				944A88E62A41D75600185E53 /* Resources */,
			);
			buildRules = (
			);
			dependencies = (
			);
			name = SwiftUI004;
			productName = SwiftUI004;
			productReference = 944A88E82A41D75600185E53 /* SwiftUI004.app */;
			productType = "com.apple.product-type.application";
		};
		944A88F72A41D75800185E53 /* SwiftUI004Tests */ = {
			isa = PBXNativeTarget;
			buildConfigurationList = 944A890F2A41D75800185E53 /* Build configuration list for PBXNativeTarget "SwiftUI004Tests" */;
			buildPhases = (
				944A88F42A41D75800185E53 /* Sources */,
				944A88F52A41D75800185E53 /* Frameworks */,
				944A88F62A41D75800185E53 /* Resources */,
			);
			buildRules = (
			);
			dependencies = (
				944A88FA2A41D75800185E53 /* PBXTargetDependency */,
			);
			name = SwiftUI004Tests;
			productName = SwiftUI004Tests;
			productReference = 944A88F82A41D75800185E53 /* SwiftUI004Tests.xctest */;
			productType = "com.apple.product-type.bundle.unit-test";
		};
		944A89012A41D75800185E53 /* SwiftUI004UITests */ = {
			isa = PBXNativeTarget;
			buildConfigurationList = 944A89122A41D75800185E53 /* Build configuration list for PBXNativeTarget "SwiftUI004UITests" */;
			buildPhases = (
				944A88FE2A41D75800185E53 /* Sources */,
				944A88FF2A41D75800185E53 /* Frameworks */,
				944A89002A41D75800185E53 /* Resources */,
			);
			buildRules = (
			);
			dependencies = (
				944A89042A41D75800185E53 /* PBXTargetDependency */,
			);
			name = SwiftUI004UITests;
			productName = SwiftUI004UITests;
			productReference = 944A89022A41D75800185E53 /* SwiftUI004UITests.xctest */;
			productType = "com.apple.product-type.bundle.ui-testing";
		};
/* End PBXNativeTarget section */

/* Begin PBXProject section */
		944A88E02A41D75600185E53 /* Project object */ = {
			isa = PBXProject;
			attributes = {
				BuildIndependentTargetsInParallel = 1;
				LastSwiftUpdateCheck = 1430;
				LastUpgradeCheck = 1430;
				TargetAttributes = {
					944A88E72A41D75600185E53 = {
						CreatedOnToolsVersion = 14.3.1;
					};
					944A88F72A41D75800185E53 = {
						CreatedOnToolsVersion = 14.3.1;
						TestTargetID = 944A88E72A41D75600185E53;
					};
					944A89012A41D75800185E53 = {
						CreatedOnToolsVersion = 14.3.1;
						TestTargetID = 944A88E72A41D75600185E53;
					};
				};
			};
			buildConfigurationList = 944A88E32A41D75600185E53 /* Build configuration list for PBXProject "SwiftUI004" */;
			compatibilityVersion = "Xcode 14.0";
			developmentRegion = en;
			hasScannedForEncodings = 0;
			knownRegions = (
				en,
				Base,
			);
			mainGroup = 944A88DF2A41D75600185E53;
			productRefGroup = 944A88E92A41D75600185E53 /* Products */;
			projectDirPath = "";
			projectRoot = "";
			targets = (
				944A88E72A41D75600185E53 /* SwiftUI004 */,
				944A88F72A41D75800185E53 /* SwiftUI004Tests */,
				944A89012A41D75800185E53 /* SwiftUI004UITests */,
			);
		};
/* End PBXProject section */

/* Begin PBXResourcesBuildPhase section */
		944A88E62A41D75600185E53 /* Resources */ = {
			isa = PBXResourcesBuildPhase;
			buildActionMask = 2147483647;
			files = (
				944A88F32A41D75800185E53 /* Preview Assets.xcassets in Resources */,
				944A88F02A41D75800185E53 /* Assets.xcassets in Resources */,
			);
			runOnlyForDeploymentPostprocessing = 0;
		};
		944A88F62A41D75800185E53 /* Resources */ = {
			isa = PBXResourcesBuildPhase;
			buildActionMask = 2147483647;
			files = (
			);
			runOnlyForDeploymentPostprocessing = 0;
		};
		944A89002A41D75800185E53 /* Resources */ = {
			isa = PBXResourcesBuildPhase;
			buildActionMask = 2147483647;
			files = (
			);
			runOnlyForDeploymentPostprocessing = 0;
		};
/* End PBXResourcesBuildPhase section */

/* Begin PBXSourcesBuildPhase section */
		944A88E42A41D75600185E53 /* Sources */ = {
			isa = PBXSourcesBuildPhase;
			buildActionMask = 2147483647;
			files = (
				944A88EE2A41D75600185E53 /* ContentView.swift in Sources */,
				944A88EC2A41D75600185E53 /* SwiftUI004App.swift in Sources */,
			);
			runOnlyForDeploymentPostprocessing = 0;
		};
		944A88F42A41D75800185E53 /* Sources */ = {
			isa = PBXSourcesBuildPhase;
			buildActionMask = 2147483647;
			files = (
				944A88FD2A41D75800185E53 /* SwiftUI004Tests.swift in Sources */,
			);
			runOnlyForDeploymentPostprocessing = 0;
		};
		944A88FE2A41D75800185E53 /* Sources */ = {
			isa = PBXSourcesBuildPhase;
			buildActionMask = 2147483647;
			files = (
				944A89072A41D75800185E53 /* SwiftUI004UITests.swift in Sources */,
				944A89092A41D75800185E53 /* SwiftUI004UITestsLaunchTests.swift in Sources */,
			);
			runOnlyForDeploymentPostprocessing = 0;
		};
/* End PBXSourcesBuildPhase section */

/* Begin PBXTargetDependency section */
		944A88FA2A41D75800185E53 /* PBXTargetDependency */ = {
			isa = PBXTargetDependency;
			target = 944A88E72A41D75600185E53 /* SwiftUI004 */;
			targetProxy = 944A88F92A41D75800185E53 /* PBXContainerItemProxy */;
		};
		944A89042A41D75800185E53 /* PBXTargetDependency */ = {
			isa = PBXTargetDependency;
			target = 944A88E72A41D75600185E53 /* SwiftUI004 */;
			targetProxy = 944A89032A41D75800185E53 /* PBXContainerItemProxy */;
		};
/* End PBXTargetDependency section */

/* Begin XCBuildConfiguration section */
		944A890A2A41D75800185E53 /* Debug */ = {
			isa = XCBuildConfiguration;
			buildSettings = {
				ALWAYS_SEARCH_USER_PATHS = NO;
				CLANG_ANALYZER_NONNULL = YES;
				CLANG_ANALYZER_NUMBER_OBJECT_CONVERSION = YES_AGGRESSIVE;
				CLANG_CXX_LANGUAGE_STANDARD = "gnu++20";
				CLANG_ENABLE_MODULES = YES;
				CLANG_ENABLE_OBJC_ARC = YES;
				CLANG_ENABLE_OBJC_WEAK = YES;
				CLANG_WARN_BLOCK_CAPTURE_AUTORELEASING = YES;
				CLANG_WARN_BOOL_CONVERSION = YES;
				CLANG_WARN_COMMA = YES;
				CLANG_WARN_CONSTANT_CONVERSION = YES;
				CLANG_WARN_DEPRECATED_OBJC_IMPLEMENTATIONS = YES;
				CLANG_WARN_DIRECT_OBJC_ISA_USAGE = YES_ERROR;
				CLANG_WARN_DOCUMENTATION_COMMENTS = YES;
				CLANG_WARN_EMPTY_BODY = YES;
				CLANG_WARN_ENUM_CONVERSION = YES;
				CLANG_WARN_INFINITE_RECURSION = YES;
				CLANG_WARN_INT_CONVERSION = YES;
				CLANG_WARN_NON_LITERAL_NULL_CONVERSION = YES;
				CLANG_WARN_OBJC_IMPLICIT_RETAIN_SELF = YES;
				CLANG_WARN_OBJC_LITERAL_CONVERSION = YES;
				CLANG_WARN_OBJC_ROOT_CLASS = YES_ERROR;
				CLANG_WARN_QUOTED_INCLUDE_IN_FRAMEWORK_HEADER = YES;
				CLANG_WARN_RANGE_LOOP_ANALYSIS = YES;
				CLANG_WARN_STRICT_PROTOTYPES = YES;
				CLANG_WARN_SUSPICIOUS_MOVE = YES;
				CLANG_WARN_UNGUARDED_AVAILABILITY = YES_AGGRESSIVE;
				CLANG_WARN_UNREACHABLE_CODE = YES;
				CLANG_WARN__DUPLICATE_METHOD_MATCH = YES;
				COPY_PHASE_STRIP = NO;
				DEBUG_INFORMATION_FORMAT = dwarf;
				ENABLE_STRICT_OBJC_MSGSEND = YES;
				ENABLE_TESTABILITY = YES;
				GCC_C_LANGUAGE_STANDARD = gnu11;
				GCC_DYNAMIC_NO_PIC = NO;
				GCC_NO_COMMON_BLOCKS = YES;
				GCC_OPTIMIZATION_LEVEL = 0;
				GCC_PREPROCESSOR_DEFINITIONS = (
					"DEBUG=1",
					"$(inherited)",
				);
				GCC_WARN_64_TO_32_BIT_CONVERSION = YES;
				GCC_WARN_ABOUT_RETURN_TYPE = YES_ERROR;
				GCC_WARN_UNDECLARED_SELECTOR = YES;
				GCC_WARN_UNINITIALIZED_AUTOS = YES_AGGRESSIVE;
				GCC_WARN_UNUSED_FUNCTION = YES;
				GCC_WARN_UNUSED_VARIABLE = YES;
				IPHONEOS_DEPLOYMENT_TARGET = 16.4;
				MTL_ENABLE_DEBUG_INFO = INCLUDE_SOURCE;
				MTL_FAST_MATH = YES;
				ONLY_ACTIVE_ARCH = YES;
				SDKROOT = iphoneos;
				SWIFT_ACTIVE_COMPILATION_CONDITIONS = DEBUG;
				SWIFT_OPTIMIZATION_LEVEL = "-Onone";
			};
			name = Debug;
		};
		944A890B2A41D75800185E53 /* Release */ = {
			isa = XCBuildConfiguration;
			buildSettings = {
				ALWAYS_SEARCH_USER_PATHS = NO;
				CLANG_ANALYZER_NONNULL = YES;
				CLANG_ANALYZER_NUMBER_OBJECT_CONVERSION = YES_AGGRESSIVE;
				CLANG_CXX_LANGUAGE_STANDARD = "gnu++20";
				CLANG_ENABLE_MODULES = YES;
				CLANG_ENABLE_OBJC_ARC = YES;
				CLANG_ENABLE_OBJC_WEAK = YES;
				CLANG_WARN_BLOCK_CAPTURE_AUTORELEASING = YES;
				CLANG_WARN_BOOL_CONVERSION = YES;
				CLANG_WARN_COMMA = YES;
				CLANG_WARN_CONSTANT_CONVERSION = YES;
				CLANG_WARN_DEPRECATED_OBJC_IMPLEMENTATIONS = YES;
				CLANG_WARN_DIRECT_OBJC_ISA_USAGE = YES_ERROR;
				CLANG_WARN_DOCUMENTATION_COMMENTS = YES;
				CLANG_WARN_EMPTY_BODY = YES;
				CLANG_WARN_ENUM_CONVERSION = YES;
				CLANG_WARN_INFINITE_RECURSION = YES;
				CLANG_WARN_INT_CONVERSION = YES;
				CLANG_WARN_NON_LITERAL_NULL_CONVERSION = YES;
				CLANG_WARN_OBJC_IMPLICIT_RETAIN_SELF = YES;
				CLANG_WARN_OBJC_LITERAL_CONVERSION = YES;
				CLANG_WARN_OBJC_ROOT_CLASS = YES_ERROR;
				CLANG_WARN_QUOTED_INCLUDE_IN_FRAMEWORK_HEADER = YES;
				CLANG_WARN_RANGE_LOOP_ANALYSIS = YES;
				CLANG_WARN_STRICT_PROTOTYPES = YES;
				CLANG_WARN_SUSPICIOUS_MOVE = YES;
				CLANG_WARN_UNGUARDED_AVAILABILITY = YES_AGGRESSIVE;
				CLANG_WARN_UNREACHABLE_CODE = YES;
				CLANG_WARN__DUPLICATE_METHOD_MATCH = YES;
				COPY_PHASE_STRIP = NO;
				DEBUG_INFORMATION_FORMAT = "dwarf-with-dsym";
				ENABLE_NS_ASSERTIONS = NO;
				ENABLE_STRICT_OBJC_MSGSEND = YES;
				GCC_C_LANGUAGE_STANDARD = gnu11;
				GCC_NO_COMMON_BLOCKS = YES;
				GCC_WARN_64_TO_32_BIT_CONVERSION = YES;
				GCC_WARN_ABOUT_RETURN_TYPE = YES_ERROR;
				GCC_WARN_UNDECLARED_SELECTOR = YES;
				GCC_WARN_UNINITIALIZED_AUTOS = YES_AGGRESSIVE;
				GCC_WARN_UNUSED_FUNCTION = YES;
				GCC_WARN_UNUSED_VARIABLE = YES;
				IPHONEOS_DEPLOYMENT_TARGET = 16.4;
				MTL_ENABLE_DEBUG_INFO = NO;
				MTL_FAST_MATH = YES;
				SDKROOT = iphoneos;
				SWIFT_COMPILATION_MODE = wholemodule;
				SWIFT_OPTIMIZATION_LEVEL = "-O";
				VALIDATE_PRODUCT = YES;
			};
			name = Release;
		};
		944A890D2A41D75800185E53 /* Debug */ = {
			isa = XCBuildConfiguration;
			buildSettings = {
				ASSETCATALOG_COMPILER_APPICON_NAME = AppIcon;
				ASSETCATALOG_COMPILER_GLOBAL_ACCENT_COLOR_NAME = AccentColor;
				CODE_SIGN_STYLE = Automatic;
				CURRENT_PROJECT_VERSION = 1;
				DEVELOPMENT_ASSET_PATHS = "\"SwiftUI004/Preview Content\"";
				DEVELOPMENT_TEAM = LHXHCYAG8H;
				ENABLE_PREVIEWS = YES;
				GENERATE_INFOPLIST_FILE = YES;
				INFOPLIST_KEY_UIApplicationSceneManifest_Generation = YES;
				INFOPLIST_KEY_UIApplicationSupportsIndirectInputEvents = YES;
				INFOPLIST_KEY_UILaunchScreen_Generation = YES;
				INFOPLIST_KEY_UISupportedInterfaceOrientations_iPad = "UIInterfaceOrientationPortrait UIInterfaceOrientationPortraitUpsideDown UIInterfaceOrientationLandscapeLeft UIInterfaceOrientationLandscapeRight";
				INFOPLIST_KEY_UISupportedInterfaceOrientations_iPhone = "UIInterfaceOrientationPortrait UIInterfaceOrientationLandscapeLeft UIInterfaceOrientationLandscapeRight";
				LD_RUNPATH_SEARCH_PATHS = (
					"$(inherited)",
					"@executable_path/Frameworks",
				);
				MARKETING_VERSION = 1.0;
				PRODUCT_BUNDLE_IDENTIFIER = com.jackiossy.SwiftUI004;
				PRODUCT_NAME = "$(TARGET_NAME)";
				SWIFT_EMIT_LOC_STRINGS = YES;
				SWIFT_VERSION = 5.0;
				TARGETED_DEVICE_FAMILY = "1,2";
			};
			name = Debug;
		};
		944A890E2A41D75800185E53 /* Release */ = {
			isa = XCBuildConfiguration;
			buildSettings = {
				ASSETCATALOG_COMPILER_APPICON_NAME = AppIcon;
				ASSETCATALOG_COMPILER_GLOBAL_ACCENT_COLOR_NAME = AccentColor;
				CODE_SIGN_STYLE = Automatic;
				CURRENT_PROJECT_VERSION = 1;
				DEVELOPMENT_ASSET_PATHS = "\"SwiftUI004/Preview Content\"";
				DEVELOPMENT_TEAM = LHXHCYAG8H;
				ENABLE_PREVIEWS = YES;
				GENERATE_INFOPLIST_FILE = YES;
				INFOPLIST_KEY_UIApplicationSceneManifest_Generation = YES;
				INFOPLIST_KEY_UIApplicationSupportsIndirectInputEvents = YES;
				INFOPLIST_KEY_UILaunchScreen_Generation = YES;
				INFOPLIST_KEY_UISupportedInterfaceOrientations_iPad = "UIInterfaceOrientationPortrait UIInterfaceOrientationPortraitUpsideDown UIInterfaceOrientationLandscapeLeft UIInterfaceOrientationLandscapeRight";
				INFOPLIST_KEY_UISupportedInterfaceOrientations_iPhone = "UIInterfaceOrientationPortrait UIInterfaceOrientationLandscapeLeft UIInterfaceOrientationLandscapeRight";
				LD_RUNPATH_SEARCH_PATHS = (
					"$(inherited)",
					"@executable_path/Frameworks",
				);
				MARKETING_VERSION = 1.0;
				PRODUCT_BUNDLE_IDENTIFIER = com.jackiossy.SwiftUI004;
				PRODUCT_NAME = "$(TARGET_NAME)";
				SWIFT_EMIT_LOC_STRINGS = YES;
				SWIFT_VERSION = 5.0;
				TARGETED_DEVICE_FAMILY = "1,2";
			};
			name = Release;
		};
		944A89102A41D75800185E53 /* Debug */ = {
			isa = XCBuildConfiguration;
			buildSettings = {
				ALWAYS_EMBED_SWIFT_STANDARD_LIBRARIES = YES;
				BUNDLE_LOADER = "$(TEST_HOST)";
				CODE_SIGN_STYLE = Automatic;
				CURRENT_PROJECT_VERSION = 1;
				DEVELOPMENT_TEAM = LHXHCYAG8H;
				GENERATE_INFOPLIST_FILE = YES;
				IPHONEOS_DEPLOYMENT_TARGET = 16.4;
				MARKETING_VERSION = 1.0;
				PRODUCT_BUNDLE_IDENTIFIER = com.jackiossy.SwiftUI004Tests;
				PRODUCT_NAME = "$(TARGET_NAME)";
				SWIFT_EMIT_LOC_STRINGS = NO;
				SWIFT_VERSION = 5.0;
				TARGETED_DEVICE_FAMILY = "1,2";
				TEST_HOST = "$(BUILT_PRODUCTS_DIR)/SwiftUI004.app/$(BUNDLE_EXECUTABLE_FOLDER_PATH)/SwiftUI004";
			};
			name = Debug;
		};
		944A89112A41D75800185E53 /* Release */ = {
			isa = XCBuildConfiguration;
			buildSettings = {
				ALWAYS_EMBED_SWIFT_STANDARD_LIBRARIES = YES;
				BUNDLE_LOADER = "$(TEST_HOST)";
				CODE_SIGN_STYLE = Automatic;
				CURRENT_PROJECT_VERSION = 1;
				DEVELOPMENT_TEAM = LHXHCYAG8H;
				GENERATE_INFOPLIST_FILE = YES;
				IPHONEOS_DEPLOYMENT_TARGET = 16.4;
				MARKETING_VERSION = 1.0;
				PRODUCT_BUNDLE_IDENTIFIER = com.jackiossy.SwiftUI004Tests;
				PRODUCT_NAME = "$(TARGET_NAME)";
				SWIFT_EMIT_LOC_STRINGS = NO;
				SWIFT_VERSION = 5.0;
				TARGETED_DEVICE_FAMILY = "1,2";
				TEST_HOST = "$(BUILT_PRODUCTS_DIR)/SwiftUI004.app/$(BUNDLE_EXECUTABLE_FOLDER_PATH)/SwiftUI004";
			};
			name = Release;
		};
		944A89132A41D75800185E53 /* Debug */ = {
			isa = XCBuildConfiguration;
			buildSettings = {
				ALWAYS_EMBED_SWIFT_STANDARD_LIBRARIES = YES;
				CODE_SIGN_STYLE = Automatic;
				CURRENT_PROJECT_VERSION = 1;
				DEVELOPMENT_TEAM = LHXHCYAG8H;
				GENERATE_INFOPLIST_FILE = YES;
				MARKETING_VERSION = 1.0;
				PRODUCT_BUNDLE_IDENTIFIER = com.jackiossy.SwiftUI004UITests;
				PRODUCT_NAME = "$(TARGET_NAME)";
				SWIFT_EMIT_LOC_STRINGS = NO;
				SWIFT_VERSION = 5.0;
				TARGETED_DEVICE_FAMILY = "1,2";
				TEST_TARGET_NAME = SwiftUI004;
			};
			name = Debug;
		};
		944A89142A41D75800185E53 /* Release */ = {
			isa = XCBuildConfiguration;
			buildSettings = {
				ALWAYS_EMBED_SWIFT_STANDARD_LIBRARIES = YES;
				CODE_SIGN_STYLE = Automatic;
				CURRENT_PROJECT_VERSION = 1;
				DEVELOPMENT_TEAM = LHXHCYAG8H;
				GENERATE_INFOPLIST_FILE = YES;
				MARKETING_VERSION = 1.0;
				PRODUCT_BUNDLE_IDENTIFIER = com.jackiossy.SwiftUI004UITests;
				PRODUCT_NAME = "$(TARGET_NAME)";
				SWIFT_EMIT_LOC_STRINGS = NO;
				SWIFT_VERSION = 5.0;
				TARGETED_DEVICE_FAMILY = "1,2";
				TEST_TARGET_NAME = SwiftUI004;
			};
			name = Release;
		};
/* End XCBuildConfiguration section */

/* Begin XCConfigurationList section */
		944A88E32A41D75600185E53 /* Build configuration list for PBXProject "SwiftUI004" */ = {
			isa = XCConfigurationList;
			buildConfigurations = (
				944A890A2A41D75800185E53 /* Debug */,
				944A890B2A41D75800185E53 /* Release */,
			);
			defaultConfigurationIsVisible = 0;
			defaultConfigurationName = Release;
		};
		944A890C2A41D75800185E53 /* Build configuration list for PBXNativeTarget "SwiftUI004" */ = {
			isa = XCConfigurationList;
			buildConfigurations = (
				944A890D2A41D75800185E53 /* Debug */,
				944A890E2A41D75800185E53 /* Release */,
			);
			defaultConfigurationIsVisible = 0;
			defaultConfigurationName = Release;
		};
		944A890F2A41D75800185E53 /* Build configuration list for PBXNativeTarget "SwiftUI004Tests" */ = {
			isa = XCConfigurationList;
			buildConfigurations = (
				944A89102A41D75800185E53 /* Debug */,
				944A89112A41D75800185E53 /* Release */,
			);
			defaultConfigurationIsVisible = 0;
			defaultConfigurationName = Release;
		};
		944A89122A41D75800185E53 /* Build configuration list for PBXNativeTarget "SwiftUI004UITests" */ = {
			isa = XCConfigurationList;
			buildConfigurations = (
				944A89132A41D75800185E53 /* Debug */,
				944A89142A41D75800185E53 /* Release */,
			);
			defaultConfigurationIsVisible = 0;
			defaultConfigurationName = Release;
		};
/* End XCConfigurationList section */
	};
	rootObject = 944A88E02A41D75600185E53 /* Project object */;
}
