// !$*UTF8*$!
{
	archiveVersion = 1;
	classes = {
	};
	objectVersion = 55;
	objects = {

/* Begin PBXBuildFile section */
		940BB39C28015ADC0046949E /* AtinaklApp.swift in Sources */ = {isa = PBXBuildFile; fileRef = 940BB39B28015ADC0046949E /* AtinaklApp.swift */; };
		940BB39E28015ADC0046949E /* ContentView.swift in Sources */ = {isa = PBXBuildFile; fileRef = 940BB39D28015ADC0046949E /* ContentView.swift */; };
		940BB3A028015ADE0046949E /* Assets.xcassets in Resources */ = {isa = PBXBuildFile; fileRef = 940BB39F28015ADE0046949E /* Assets.xcassets */; };
		940BB3A328015ADE0046949E /* Preview Assets.xcassets in Resources */ = {isa = PBXBuildFile; fileRef = 940BB3A228015ADE0046949E /* Preview Assets.xcassets */; };
		940BB3AD28015ADE0046949E /* AtinaklTests.swift in Sources */ = {isa = PBXBuildFile; fileRef = 940BB3AC28015ADE0046949E /* AtinaklTests.swift */; };
		940BB3B728015ADE0046949E /* AtinaklUITests.swift in Sources */ = {isa = PBXBuildFile; fileRef = 940BB3B628015ADE0046949E /* AtinaklUITests.swift */; };
		940BB3B928015ADE0046949E /* AtinaklUITestsLaunchTests.swift in Sources */ = {isa = PBXBuildFile; fileRef = 940BB3B828015ADE0046949E /* AtinaklUITestsLaunchTests.swift */; };
		940BB3C8280165700046949E /* Home.swift in Sources */ = {isa = PBXBuildFile; fileRef = 940BB3C7280165700046949E /* Home.swift */; };
/* End PBXBuildFile section */

/* Begin PBXContainerItemProxy section */
		940BB3A928015ADE0046949E /* PBXContainerItemProxy */ = {
			isa = PBXContainerItemProxy;
			containerPortal = 940BB39028015ADC0046949E /* Project object */;
			proxyType = 1;
			remoteGlobalIDString = 940BB39728015ADC0046949E;
			remoteInfo = Atinakl;
		};
		940BB3B328015ADE0046949E /* PBXContainerItemProxy */ = {
			isa = PBXContainerItemProxy;
			containerPortal = 940BB39028015ADC0046949E /* Project object */;
			proxyType = 1;
			remoteGlobalIDString = 940BB39728015ADC0046949E;
			remoteInfo = Atinakl;
		};
/* End PBXContainerItemProxy section */

/* Begin PBXFileReference section */
		940BB39828015ADC0046949E /* Atinakl.app */ = {isa = PBXFileReference; explicitFileType = wrapper.application; includeInIndex = 0; path = Atinakl.app; sourceTree = BUILT_PRODUCTS_DIR; };
		940BB39B28015ADC0046949E /* AtinaklApp.swift */ = {isa = PBXFileReference; lastKnownFileType = sourcecode.swift; path = AtinaklApp.swift; sourceTree = "<group>"; };
		940BB39D28015ADC0046949E /* ContentView.swift */ = {isa = PBXFileReference; lastKnownFileType = sourcecode.swift; path = ContentView.swift; sourceTree = "<group>"; };
		940BB39F28015ADE0046949E /* Assets.xcassets */ = {isa = PBXFileReference; lastKnownFileType = folder.assetcatalog; path = Assets.xcassets; sourceTree = "<group>"; };
		940BB3A228015ADE0046949E /* Preview Assets.xcassets */ = {isa = PBXFileReference; lastKnownFileType = folder.assetcatalog; path = "Preview Assets.xcassets"; sourceTree = "<group>"; };
		940BB3A828015ADE0046949E /* AtinaklTests.xctest */ = {isa = PBXFileReference; explicitFileType = wrapper.cfbundle; includeInIndex = 0; path = AtinaklTests.xctest; sourceTree = BUILT_PRODUCTS_DIR; };
		940BB3AC28015ADE0046949E /* AtinaklTests.swift */ = {isa = PBXFileReference; lastKnownFileType = sourcecode.swift; path = AtinaklTests.swift; sourceTree = "<group>"; };
		940BB3B228015ADE0046949E /* AtinaklUITests.xctest */ = {isa = PBXFileReference; explicitFileType = wrapper.cfbundle; includeInIndex = 0; path = AtinaklUITests.xctest; sourceTree = BUILT_PRODUCTS_DIR; };
		940BB3B628015ADE0046949E /* AtinaklUITests.swift */ = {isa = PBXFileReference; lastKnownFileType = sourcecode.swift; path = AtinaklUITests.swift; sourceTree = "<group>"; };
		940BB3B828015ADE0046949E /* AtinaklUITestsLaunchTests.swift */ = {isa = PBXFileReference; lastKnownFileType = sourcecode.swift; path = AtinaklUITestsLaunchTests.swift; sourceTree = "<group>"; };
		940BB3C7280165700046949E /* Home.swift */ = {isa = PBXFileReference; lastKnownFileType = sourcecode.swift; path = Home.swift; sourceTree = "<group>"; };
/* End PBXFileReference section */

/* Begin PBXFrameworksBuildPhase section */
		940BB39528015ADC0046949E /* Frameworks */ = {
			isa = PBXFrameworksBuildPhase;
			buildActionMask = 2147483647;
			files = (
			);
			runOnlyForDeploymentPostprocessing = 0;
		};
		940BB3A528015ADE0046949E /* Frameworks */ = {
			isa = PBXFrameworksBuildPhase;
			buildActionMask = 2147483647;
			files = (
			);
			runOnlyForDeploymentPostprocessing = 0;
		};
		940BB3AF28015ADE0046949E /* Frameworks */ = {
			isa = PBXFrameworksBuildPhase;
			buildActionMask = 2147483647;
			files = (
			);
			runOnlyForDeploymentPostprocessing = 0;
		};
/* End PBXFrameworksBuildPhase section */

/* Begin PBXGroup section */
		940BB38F28015ADC0046949E = {
			isa = PBXGroup;
			children = (
				940BB39A28015ADC0046949E /* Atinakl */,
				940BB3AB28015ADE0046949E /* AtinaklTests */,
				940BB3B528015ADE0046949E /* AtinaklUITests */,
				940BB39928015ADC0046949E /* Products */,
			);
			sourceTree = "<group>";
		};
		940BB39928015ADC0046949E /* Products */ = {
			isa = PBXGroup;
			children = (
				940BB39828015ADC0046949E /* Atinakl.app */,
				940BB3A828015ADE0046949E /* AtinaklTests.xctest */,
				940BB3B228015ADE0046949E /* AtinaklUITests.xctest */,
			);
			name = Products;
			sourceTree = "<group>";
		};
		940BB39A28015ADC0046949E /* Atinakl */ = {
			isa = PBXGroup;
			children = (
				940BB39B28015ADC0046949E /* AtinaklApp.swift */,
				940BB39D28015ADC0046949E /* ContentView.swift */,
				940BB3C7280165700046949E /* Home.swift */,
				940BB39F28015ADE0046949E /* Assets.xcassets */,
				940BB3A128015ADE0046949E /* Preview Content */,
			);
			path = Atinakl;
			sourceTree = "<group>";
		};
		940BB3A128015ADE0046949E /* Preview Content */ = {
			isa = PBXGroup;
			children = (
				940BB3A228015ADE0046949E /* Preview Assets.xcassets */,
			);
			path = "Preview Content";
			sourceTree = "<group>";
		};
		940BB3AB28015ADE0046949E /* AtinaklTests */ = {
			isa = PBXGroup;
			children = (
				940BB3AC28015ADE0046949E /* AtinaklTests.swift */,
			);
			path = AtinaklTests;
			sourceTree = "<group>";
		};
		940BB3B528015ADE0046949E /* AtinaklUITests */ = {
			isa = PBXGroup;
			children = (
				940BB3B628015ADE0046949E /* AtinaklUITests.swift */,
				940BB3B828015ADE0046949E /* AtinaklUITestsLaunchTests.swift */,
			);
			path = AtinaklUITests;
			sourceTree = "<group>";
		};
/* End PBXGroup section */

/* Begin PBXNativeTarget section */
		940BB39728015ADC0046949E /* Atinakl */ = {
			isa = PBXNativeTarget;
			buildConfigurationList = 940BB3BC28015ADE0046949E /* Build configuration list for PBXNativeTarget "Atinakl" */;
			buildPhases = (
				940BB39428015ADC0046949E /* Sources */,
				940BB39528015ADC0046949E /* Frameworks */,
				940BB39628015ADC0046949E /* Resources */,
			);
			buildRules = (
			);
			dependencies = (
			);
			name = Atinakl;
			productName = Atinakl;
			productReference = 940BB39828015ADC0046949E /* Atinakl.app */;
			productType = "com.apple.product-type.application";
		};
		940BB3A728015ADE0046949E /* AtinaklTests */ = {
			isa = PBXNativeTarget;
			buildConfigurationList = 940BB3BF28015ADE0046949E /* Build configuration list for PBXNativeTarget "AtinaklTests" */;
			buildPhases = (
				940BB3A428015ADE0046949E /* Sources */,
				940BB3A528015ADE0046949E /* Frameworks */,
				940BB3A628015ADE0046949E /* Resources */,
			);
			buildRules = (
			);
			dependencies = (
				940BB3AA28015ADE0046949E /* PBXTargetDependency */,
			);
			name = AtinaklTests;
			productName = AtinaklTests;
			productReference = 940BB3A828015ADE0046949E /* AtinaklTests.xctest */;
			productType = "com.apple.product-type.bundle.unit-test";
		};
		940BB3B128015ADE0046949E /* AtinaklUITests */ = {
			isa = PBXNativeTarget;
			buildConfigurationList = 940BB3C228015ADE0046949E /* Build configuration list for PBXNativeTarget "AtinaklUITests" */;
			buildPhases = (
				940BB3AE28015ADE0046949E /* Sources */,
				940BB3AF28015ADE0046949E /* Frameworks */,
				940BB3B028015ADE0046949E /* Resources */,
			);
			buildRules = (
			);
			dependencies = (
				940BB3B428015ADE0046949E /* PBXTargetDependency */,
			);
			name = AtinaklUITests;
			productName = AtinaklUITests;
			productReference = 940BB3B228015ADE0046949E /* AtinaklUITests.xctest */;
			productType = "com.apple.product-type.bundle.ui-testing";
		};
/* End PBXNativeTarget section */

/* Begin PBXProject section */
		940BB39028015ADC0046949E /* Project object */ = {
			isa = PBXProject;
			attributes = {
				BuildIndependentTargetsInParallel = 1;
				LastSwiftUpdateCheck = 1330;
				LastUpgradeCheck = 1330;
				TargetAttributes = {
					940BB39728015ADC0046949E = {
						CreatedOnToolsVersion = 13.3;
					};
					940BB3A728015ADE0046949E = {
						CreatedOnToolsVersion = 13.3;
						TestTargetID = 940BB39728015ADC0046949E;
					};
					940BB3B128015ADE0046949E = {
						CreatedOnToolsVersion = 13.3;
						TestTargetID = 940BB39728015ADC0046949E;
					};
				};
			};
			buildConfigurationList = 940BB39328015ADC0046949E /* Build configuration list for PBXProject "Atinakl" */;
			compatibilityVersion = "Xcode 13.0";
			developmentRegion = en;
			hasScannedForEncodings = 0;
			knownRegions = (
				en,
				Base,
			);
			mainGroup = 940BB38F28015ADC0046949E;
			productRefGroup = 940BB39928015ADC0046949E /* Products */;
			projectDirPath = "";
			projectRoot = "";
			targets = (
				940BB39728015ADC0046949E /* Atinakl */,
				940BB3A728015ADE0046949E /* AtinaklTests */,
				940BB3B128015ADE0046949E /* AtinaklUITests */,
			);
		};
/* End PBXProject section */

/* Begin PBXResourcesBuildPhase section */
		940BB39628015ADC0046949E /* Resources */ = {
			isa = PBXResourcesBuildPhase;
			buildActionMask = 2147483647;
			files = (
				940BB3A328015ADE0046949E /* Preview Assets.xcassets in Resources */,
				940BB3A028015ADE0046949E /* Assets.xcassets in Resources */,
			);
			runOnlyForDeploymentPostprocessing = 0;
		};
		940BB3A628015ADE0046949E /* Resources */ = {
			isa = PBXResourcesBuildPhase;
			buildActionMask = 2147483647;
			files = (
			);
			runOnlyForDeploymentPostprocessing = 0;
		};
		940BB3B028015ADE0046949E /* Resources */ = {
			isa = PBXResourcesBuildPhase;
			buildActionMask = 2147483647;
			files = (
			);
			runOnlyForDeploymentPostprocessing = 0;
		};
/* End PBXResourcesBuildPhase section */

/* Begin PBXSourcesBuildPhase section */
		940BB39428015ADC0046949E /* Sources */ = {
			isa = PBXSourcesBuildPhase;
			buildActionMask = 2147483647;
			files = (
				940BB39E28015ADC0046949E /* ContentView.swift in Sources */,
				940BB3C8280165700046949E /* Home.swift in Sources */,
				940BB39C28015ADC0046949E /* AtinaklApp.swift in Sources */,
			);
			runOnlyForDeploymentPostprocessing = 0;
		};
		940BB3A428015ADE0046949E /* Sources */ = {
			isa = PBXSourcesBuildPhase;
			buildActionMask = 2147483647;
			files = (
				940BB3AD28015ADE0046949E /* AtinaklTests.swift in Sources */,
			);
			runOnlyForDeploymentPostprocessing = 0;
		};
		940BB3AE28015ADE0046949E /* Sources */ = {
			isa = PBXSourcesBuildPhase;
			buildActionMask = 2147483647;
			files = (
				940BB3B728015ADE0046949E /* AtinaklUITests.swift in Sources */,
				940BB3B928015ADE0046949E /* AtinaklUITestsLaunchTests.swift in Sources */,
			);
			runOnlyForDeploymentPostprocessing = 0;
		};
/* End PBXSourcesBuildPhase section */

/* Begin PBXTargetDependency section */
		940BB3AA28015ADE0046949E /* PBXTargetDependency */ = {
			isa = PBXTargetDependency;
			target = 940BB39728015ADC0046949E /* Atinakl */;
			targetProxy = 940BB3A928015ADE0046949E /* PBXContainerItemProxy */;
		};
		940BB3B428015ADE0046949E /* PBXTargetDependency */ = {
			isa = PBXTargetDependency;
			target = 940BB39728015ADC0046949E /* Atinakl */;
			targetProxy = 940BB3B328015ADE0046949E /* PBXContainerItemProxy */;
		};
/* End PBXTargetDependency section */

/* Begin XCBuildConfiguration section */
		940BB3BA28015ADE0046949E /* Debug */ = {
			isa = XCBuildConfiguration;
			buildSettings = {
				ALWAYS_SEARCH_USER_PATHS = NO;
				CLANG_ANALYZER_NONNULL = YES;
				CLANG_ANALYZER_NUMBER_OBJECT_CONVERSION = YES_AGGRESSIVE;
				CLANG_CXX_LANGUAGE_STANDARD = "gnu++17";
				CLANG_ENABLE_MODULES = YES;
				CLANG_ENABLE_OBJC_ARC = YES;
				CLANG_ENABLE_OBJC_WEAK = YES;
				CLANG_WARN_BLOCK_CAPTURE_AUTORELEASING = YES;
				CLANG_WARN_BOOL_CONVERSION = YES;
				CLANG_WARN_COMMA = YES;
				CLANG_WARN_CONSTANT_CONVERSION = YES;
				CLANG_WARN_DEPRECATED_OBJC_IMPLEMENTATIONS = YES;
				CLANG_WARN_DIRECT_OBJC_ISA_USAGE = YES_ERROR;
				CLANG_WARN_DOCUMENTATION_COMMENTS = YES;
				CLANG_WARN_EMPTY_BODY = YES;
				CLANG_WARN_ENUM_CONVERSION = YES;
				CLANG_WARN_INFINITE_RECURSION = YES;
				CLANG_WARN_INT_CONVERSION = YES;
				CLANG_WARN_NON_LITERAL_NULL_CONVERSION = YES;
				CLANG_WARN_OBJC_IMPLICIT_RETAIN_SELF = YES;
				CLANG_WARN_OBJC_LITERAL_CONVERSION = YES;
				CLANG_WARN_OBJC_ROOT_CLASS = YES_ERROR;
				CLANG_WARN_QUOTED_INCLUDE_IN_FRAMEWORK_HEADER = YES;
				CLANG_WARN_RANGE_LOOP_ANALYSIS = YES;
				CLANG_WARN_STRICT_PROTOTYPES = YES;
				CLANG_WARN_SUSPICIOUS_MOVE = YES;
				CLANG_WARN_UNGUARDED_AVAILABILITY = YES_AGGRESSIVE;
				CLANG_WARN_UNREACHABLE_CODE = YES;
				CLANG_WARN__DUPLICATE_METHOD_MATCH = YES;
				COPY_PHASE_STRIP = NO;
				DEBUG_INFORMATION_FORMAT = dwarf;
				ENABLE_STRICT_OBJC_MSGSEND = YES;
				ENABLE_TESTABILITY = YES;
				GCC_C_LANGUAGE_STANDARD = gnu11;
				GCC_DYNAMIC_NO_PIC = NO;
				GCC_NO_COMMON_BLOCKS = YES;
				GCC_OPTIMIZATION_LEVEL = 0;
				GCC_PREPROCESSOR_DEFINITIONS = (
					"DEBUG=1",
					"$(inherited)",
				);
				GCC_WARN_64_TO_32_BIT_CONVERSION = YES;
				GCC_WARN_ABOUT_RETURN_TYPE = YES_ERROR;
				GCC_WARN_UNDECLARED_SELECTOR = YES;
				GCC_WARN_UNINITIALIZED_AUTOS = YES_AGGRESSIVE;
				GCC_WARN_UNUSED_FUNCTION = YES;
				GCC_WARN_UNUSED_VARIABLE = YES;
				IPHONEOS_DEPLOYMENT_TARGET = 15.4;
				MTL_ENABLE_DEBUG_INFO = INCLUDE_SOURCE;
				MTL_FAST_MATH = YES;
				ONLY_ACTIVE_ARCH = YES;
				SDKROOT = iphoneos;
				SWIFT_ACTIVE_COMPILATION_CONDITIONS = DEBUG;
				SWIFT_OPTIMIZATION_LEVEL = "-Onone";
			};
			name = Debug;
		};
		940BB3BB28015ADE0046949E /* Release */ = {
			isa = XCBuildConfiguration;
			buildSettings = {
				ALWAYS_SEARCH_USER_PATHS = NO;
				CLANG_ANALYZER_NONNULL = YES;
				CLANG_ANALYZER_NUMBER_OBJECT_CONVERSION = YES_AGGRESSIVE;
				CLANG_CXX_LANGUAGE_STANDARD = "gnu++17";
				CLANG_ENABLE_MODULES = YES;
				CLANG_ENABLE_OBJC_ARC = YES;
				CLANG_ENABLE_OBJC_WEAK = YES;
				CLANG_WARN_BLOCK_CAPTURE_AUTORELEASING = YES;
				CLANG_WARN_BOOL_CONVERSION = YES;
				CLANG_WARN_COMMA = YES;
				CLANG_WARN_CONSTANT_CONVERSION = YES;
				CLANG_WARN_DEPRECATED_OBJC_IMPLEMENTATIONS = YES;
				CLANG_WARN_DIRECT_OBJC_ISA_USAGE = YES_ERROR;
				CLANG_WARN_DOCUMENTATION_COMMENTS = YES;
				CLANG_WARN_EMPTY_BODY = YES;
				CLANG_WARN_ENUM_CONVERSION = YES;
				CLANG_WARN_INFINITE_RECURSION = YES;
				CLANG_WARN_INT_CONVERSION = YES;
				CLANG_WARN_NON_LITERAL_NULL_CONVERSION = YES;
				CLANG_WARN_OBJC_IMPLICIT_RETAIN_SELF = YES;
				CLANG_WARN_OBJC_LITERAL_CONVERSION = YES;
				CLANG_WARN_OBJC_ROOT_CLASS = YES_ERROR;
				CLANG_WARN_QUOTED_INCLUDE_IN_FRAMEWORK_HEADER = YES;
				CLANG_WARN_RANGE_LOOP_ANALYSIS = YES;
				CLANG_WARN_STRICT_PROTOTYPES = YES;
				CLANG_WARN_SUSPICIOUS_MOVE = YES;
				CLANG_WARN_UNGUARDED_AVAILABILITY = YES_AGGRESSIVE;
				CLANG_WARN_UNREACHABLE_CODE = YES;
				CLANG_WARN__DUPLICATE_METHOD_MATCH = YES;
				COPY_PHASE_STRIP = NO;
				DEBUG_INFORMATION_FORMAT = "dwarf-with-dsym";
				ENABLE_NS_ASSERTIONS = NO;
				ENABLE_STRICT_OBJC_MSGSEND = YES;
				GCC_C_LANGUAGE_STANDARD = gnu11;
				GCC_NO_COMMON_BLOCKS = YES;
				GCC_WARN_64_TO_32_BIT_CONVERSION = YES;
				GCC_WARN_ABOUT_RETURN_TYPE = YES_ERROR;
				GCC_WARN_UNDECLARED_SELECTOR = YES;
				GCC_WARN_UNINITIALIZED_AUTOS = YES_AGGRESSIVE;
				GCC_WARN_UNUSED_FUNCTION = YES;
				GCC_WARN_UNUSED_VARIABLE = YES;
				IPHONEOS_DEPLOYMENT_TARGET = 15.4;
				MTL_ENABLE_DEBUG_INFO = NO;
				MTL_FAST_MATH = YES;
				SDKROOT = iphoneos;
				SWIFT_COMPILATION_MODE = wholemodule;
				SWIFT_OPTIMIZATION_LEVEL = "-O";
				VALIDATE_PRODUCT = YES;
			};
			name = Release;
		};
		940BB3BD28015ADE0046949E /* Debug */ = {
			isa = XCBuildConfiguration;
			buildSettings = {
				ASSETCATALOG_COMPILER_APPICON_NAME = AppIcon;
				ASSETCATALOG_COMPILER_GLOBAL_ACCENT_COLOR_NAME = AccentColor;
				CODE_SIGN_STYLE = Automatic;
				CURRENT_PROJECT_VERSION = 1;
				DEVELOPMENT_ASSET_PATHS = "\"Atinakl/Preview Content\"";
				ENABLE_PREVIEWS = YES;
				GENERATE_INFOPLIST_FILE = YES;
				INFOPLIST_KEY_UIApplicationSceneManifest_Generation = YES;
				INFOPLIST_KEY_UIApplicationSupportsIndirectInputEvents = YES;
				INFOPLIST_KEY_UILaunchScreen_Generation = YES;
				INFOPLIST_KEY_UISupportedInterfaceOrientations_iPad = "UIInterfaceOrientationPortrait UIInterfaceOrientationPortraitUpsideDown UIInterfaceOrientationLandscapeLeft UIInterfaceOrientationLandscapeRight";
				INFOPLIST_KEY_UISupportedInterfaceOrientations_iPhone = "UIInterfaceOrientationPortrait UIInterfaceOrientationLandscapeLeft UIInterfaceOrientationLandscapeRight";
				LD_RUNPATH_SEARCH_PATHS = (
					"$(inherited)",
					"@executable_path/Frameworks",
				);
				MARKETING_VERSION = 1.0;
				PRODUCT_BUNDLE_IDENTIFIER = com.jackiossy.Atinakl;
				PRODUCT_NAME = "$(TARGET_NAME)";
				SWIFT_EMIT_LOC_STRINGS = YES;
				SWIFT_VERSION = 5.0;
				TARGETED_DEVICE_FAMILY = "1,2";
			};
			name = Debug;
		};
		940BB3BE28015ADE0046949E /* Release */ = {
			isa = XCBuildConfiguration;
			buildSettings = {
				ASSETCATALOG_COMPILER_APPICON_NAME = AppIcon;
				ASSETCATALOG_COMPILER_GLOBAL_ACCENT_COLOR_NAME = AccentColor;
				CODE_SIGN_STYLE = Automatic;
				CURRENT_PROJECT_VERSION = 1;
				DEVELOPMENT_ASSET_PATHS = "\"Atinakl/Preview Content\"";
				ENABLE_PREVIEWS = YES;
				GENERATE_INFOPLIST_FILE = YES;
				INFOPLIST_KEY_UIApplicationSceneManifest_Generation = YES;
				INFOPLIST_KEY_UIApplicationSupportsIndirectInputEvents = YES;
				INFOPLIST_KEY_UILaunchScreen_Generation = YES;
				INFOPLIST_KEY_UISupportedInterfaceOrientations_iPad = "UIInterfaceOrientationPortrait UIInterfaceOrientationPortraitUpsideDown UIInterfaceOrientationLandscapeLeft UIInterfaceOrientationLandscapeRight";
				INFOPLIST_KEY_UISupportedInterfaceOrientations_iPhone = "UIInterfaceOrientationPortrait UIInterfaceOrientationLandscapeLeft UIInterfaceOrientationLandscapeRight";
				LD_RUNPATH_SEARCH_PATHS = (
					"$(inherited)",
					"@executable_path/Frameworks",
				);
				MARKETING_VERSION = 1.0;
				PRODUCT_BUNDLE_IDENTIFIER = com.jackiossy.Atinakl;
				PRODUCT_NAME = "$(TARGET_NAME)";
				SWIFT_EMIT_LOC_STRINGS = YES;
				SWIFT_VERSION = 5.0;
				TARGETED_DEVICE_FAMILY = "1,2";
			};
			name = Release;
		};
		940BB3C028015ADE0046949E /* Debug */ = {
			isa = XCBuildConfiguration;
			buildSettings = {
				ALWAYS_EMBED_SWIFT_STANDARD_LIBRARIES = YES;
				BUNDLE_LOADER = "$(TEST_HOST)";
				CODE_SIGN_STYLE = Automatic;
				CURRENT_PROJECT_VERSION = 1;
				GENERATE_INFOPLIST_FILE = YES;
				IPHONEOS_DEPLOYMENT_TARGET = 15.4;
				MARKETING_VERSION = 1.0;
				PRODUCT_BUNDLE_IDENTIFIER = com.jackiossy.AtinaklTests;
				PRODUCT_NAME = "$(TARGET_NAME)";
				SWIFT_EMIT_LOC_STRINGS = NO;
				SWIFT_VERSION = 5.0;
				TARGETED_DEVICE_FAMILY = "1,2";
				TEST_HOST = "$(BUILT_PRODUCTS_DIR)/Atinakl.app/Atinakl";
			};
			name = Debug;
		};
		940BB3C128015ADE0046949E /* Release */ = {
			isa = XCBuildConfiguration;
			buildSettings = {
				ALWAYS_EMBED_SWIFT_STANDARD_LIBRARIES = YES;
				BUNDLE_LOADER = "$(TEST_HOST)";
				CODE_SIGN_STYLE = Automatic;
				CURRENT_PROJECT_VERSION = 1;
				GENERATE_INFOPLIST_FILE = YES;
				IPHONEOS_DEPLOYMENT_TARGET = 15.4;
				MARKETING_VERSION = 1.0;
				PRODUCT_BUNDLE_IDENTIFIER = com.jackiossy.AtinaklTests;
				PRODUCT_NAME = "$(TARGET_NAME)";
				SWIFT_EMIT_LOC_STRINGS = NO;
				SWIFT_VERSION = 5.0;
				TARGETED_DEVICE_FAMILY = "1,2";
				TEST_HOST = "$(BUILT_PRODUCTS_DIR)/Atinakl.app/Atinakl";
			};
			name = Release;
		};
		940BB3C328015ADE0046949E /* Debug */ = {
			isa = XCBuildConfiguration;
			buildSettings = {
				ALWAYS_EMBED_SWIFT_STANDARD_LIBRARIES = YES;
				CODE_SIGN_STYLE = Automatic;
				CURRENT_PROJECT_VERSION = 1;
				GENERATE_INFOPLIST_FILE = YES;
				MARKETING_VERSION = 1.0;
				PRODUCT_BUNDLE_IDENTIFIER = com.jackiossy.AtinaklUITests;
				PRODUCT_NAME = "$(TARGET_NAME)";
				SWIFT_EMIT_LOC_STRINGS = NO;
				SWIFT_VERSION = 5.0;
				TARGETED_DEVICE_FAMILY = "1,2";
				TEST_TARGET_NAME = Atinakl;
			};
			name = Debug;
		};
		940BB3C428015ADE0046949E /* Release */ = {
			isa = XCBuildConfiguration;
			buildSettings = {
				ALWAYS_EMBED_SWIFT_STANDARD_LIBRARIES = YES;
				CODE_SIGN_STYLE = Automatic;
				CURRENT_PROJECT_VERSION = 1;
				GENERATE_INFOPLIST_FILE = YES;
				MARKETING_VERSION = 1.0;
				PRODUCT_BUNDLE_IDENTIFIER = com.jackiossy.AtinaklUITests;
				PRODUCT_NAME = "$(TARGET_NAME)";
				SWIFT_EMIT_LOC_STRINGS = NO;
				SWIFT_VERSION = 5.0;
				TARGETED_DEVICE_FAMILY = "1,2";
				TEST_TARGET_NAME = Atinakl;
			};
			name = Release;
		};
/* End XCBuildConfiguration section */

/* Begin XCConfigurationList section */
		940BB39328015ADC0046949E /* Build configuration list for PBXProject "Atinakl" */ = {
			isa = XCConfigurationList;
			buildConfigurations = (
				940BB3BA28015ADE0046949E /* Debug */,
				940BB3BB28015ADE0046949E /* Release */,
			);
			defaultConfigurationIsVisible = 0;
			defaultConfigurationName = Release;
		};
		940BB3BC28015ADE0046949E /* Build configuration list for PBXNativeTarget "Atinakl" */ = {
			isa = XCConfigurationList;
			buildConfigurations = (
				940BB3BD28015ADE0046949E /* Debug */,
				940BB3BE28015ADE0046949E /* Release */,
			);
			defaultConfigurationIsVisible = 0;
			defaultConfigurationName = Release;
		};
		940BB3BF28015ADE0046949E /* Build configuration list for PBXNativeTarget "AtinaklTests" */ = {
			isa = XCConfigurationList;
			buildConfigurations = (
				940BB3C028015ADE0046949E /* Debug */,
				940BB3C128015ADE0046949E /* Release */,
			);
			defaultConfigurationIsVisible = 0;
			defaultConfigurationName = Release;
		};
		940BB3C228015ADE0046949E /* Build configuration list for PBXNativeTarget "AtinaklUITests" */ = {
			isa = XCConfigurationList;
			buildConfigurations = (
				940BB3C328015ADE0046949E /* Debug */,
				940BB3C428015ADE0046949E /* Release */,
			);
			defaultConfigurationIsVisible = 0;
			defaultConfigurationName = Release;
		};
/* End XCConfigurationList section */
	};
	rootObject = 940BB39028015ADC0046949E /* Project object */;
}
